
Microsoft Visual Studio Solution File, Format Version 12.00
# Visual Studio Version 16
VisualStudioVersion = 16.0.33927.289
MinimumVisualStudioVersion = 10.0.40219.1
Project("{FAE04EC0-301F-11D3-BF4B-00C04F79EFBC}") = "Thorat_Hospital", "Thorat_Hospital.csproj", "{67A03DDA-D41E-4D21-BFB4-77FE7F72B2DD}"
EndProject
Global
	GlobalSection(SolutionConfigurationPlatforms) = preSolution
		Debug|Any CPU = Debug|Any CPU
		Release|Any CPU = Release|Any CPU
	EndGlobalSection
	GlobalSection(ProjectConfigurationPlatforms) = postSolution
		{67A03DDA-D41E-4D21-BFB4-77FE7F72B2DD}.Debug|Any CPU.ActiveCfg = Debug|Any CPU
		{67A03DDA-D41E-4D21-BFB4-77FE7F72B2DD}.Debug|Any CPU.Build.0 = Debug|Any CPU
		{67A03DDA-D41E-4D21-BFB4-77FE7F72B2DD}.Release|Any CPU.ActiveCfg = Release|Any CPU
		{67A03DDA-D41E-4D21-BFB4-77FE7F72B2DD}.Release|Any CPU.Build.0 = Release|Any CPU
	EndGlobalSection
	GlobalSection(SolutionProperties) = preSolution
		HideSolutionNode = FALSE
	EndGlobalSection
	GlobalSection(ExtensibilityGlobals) = postSolution
		SolutionGuid = {440074F2-119B-48F9-8331-9FE1431683FF}
	EndGlobalSection
EndGlobal
